
Microsoft Visual Studio Solution File, Format Version 12.00
# Visual Studio Version 17
VisualStudioVersion = 17.0.31903.59
MinimumVisualStudioVersion = 10.0.40219.1
Project("{FAE04EC0-301F-11D3-BF4B-00C04F79EFBC}") = "Dhanvi.Api", "src\Dhanvi.Api\Dhanvi.Api.csproj", "{11111111-1111-4111-8111-111111111111}"
EndProject
Project("{FAE04EC0-301F-11D3-BF4B-00C04F79EFBC}") = "Dhanvi.SharedKernel", "src\Dhanvi.SharedKernel\Dhanvi.SharedKernel.csproj", "{22222222-2222-4222-8222-222222222222}"
EndProject
Project("{FAE04EC0-301F-11D3-BF4B-00C04F79EFBC}") = "Dhanvi.Modules.Identity.Domain", "src\Modules\Identity\Dhanvi.Modules.Identity.Domain\Dhanvi.Modules.Identity.Domain.csproj", "{31111111-1111-4111-8111-111111111111}"
EndProject
Project("{FAE04EC0-301F-11D3-BF4B-00C04F79EFBC}") = "Dhanvi.Modules.Identity.Application", "src\Modules\Identity\Dhanvi.Modules.Identity.Application\Dhanvi.Modules.Identity.Application.csproj", "{32222222-2222-4222-8222-222222222222}"
EndProject
Project("{FAE04EC0-301F-11D3-BF4B-00C04F79EFBC}") = "Dhanvi.Modules.Identity.Infrastructure", "src\Modules\Identity\Dhanvi.Modules.Identity.Infrastructure\Dhanvi.Modules.Identity.Infrastructure.csproj", "{33333333-3333-4333-8333-333333333333}"
EndProject
Project("{FAE04EC0-301F-11D3-BF4B-00C04F79EFBC}") = "Dhanvi.Modules.Identity.Api", "src\Modules\Identity\Dhanvi.Modules.Identity.Api\Dhanvi.Modules.Identity.Api.csproj", "{34444444-4444-4444-8444-444444444444}"
EndProject
Project("{FAE04EC0-301F-11D3-BF4B-00C04F79EFBC}") = "Dhanvi.Modules.Groups.Domain", "src\Modules\Groups\Dhanvi.Modules.Groups.Domain\Dhanvi.Modules.Groups.Domain.csproj", "{41111111-1111-4111-8111-111111111111}"
EndProject
Project("{FAE04EC0-301F-11D3-BF4B-00C04F79EFBC}") = "Dhanvi.Modules.Groups.Application", "src\Modules\Groups\Dhanvi.Modules.Groups.Application\Dhanvi.Modules.Groups.Application.csproj", "{42222222-2222-4222-8222-222222222222}"
EndProject
Project("{FAE04EC0-301F-11D3-BF4B-00C04F79EFBC}") = "Dhanvi.Modules.Groups.Infrastructure", "src\Modules\Groups\Dhanvi.Modules.Groups.Infrastructure\Dhanvi.Modules.Groups.Infrastructure.csproj", "{43333333-3333-4333-8333-333333333333}"
EndProject
Project("{FAE04EC0-301F-11D3-BF4B-00C04F79EFBC}") = "Dhanvi.Modules.Groups.Api", "src\Modules\Groups\Dhanvi.Modules.Groups.Api\Dhanvi.Modules.Groups.Api.csproj", "{44444444-4444-4444-8444-444444444444}"
EndProject
Project("{FAE04EC0-301F-11D3-BF4B-00C04F79EFBC}") = "Dhanvi.UnitTests", "tests\Dhanvi.UnitTests\Dhanvi.UnitTests.csproj", "{51111111-1111-4111-8111-111111111111}"
EndProject
Project("{FAE04EC0-301F-11D3-BF4B-00C04F79EFBC}") = "Dhanvi.IntegrationTests", "tests\Dhanvi.IntegrationTests\Dhanvi.IntegrationTests.csproj", "{52222222-2222-4222-8222-222222222222}"
EndProject
Project("{FAE04EC0-301F-11D3-BF4B-00C04F79EFBC}") = "Dhanvi.ArchitectureTests", "tests\Dhanvi.ArchitectureTests\Dhanvi.ArchitectureTests.csproj", "{53333333-3333-4333-8333-333333333333}"
EndProject
Project("{2150E333-8FDC-42A3-9474-1A3956D46DE8}") = "src", "src", "{827E0CD3-B72D-47B6-A68D-7590B98EB39B}"
EndProject
Project("{2150E333-8FDC-42A3-9474-1A3956D46DE8}") = "Modules", "Modules", "{EC447DCF-ABFA-6E24-52A5-D7FD48A5C558}"
EndProject
Project("{2150E333-8FDC-42A3-9474-1A3956D46DE8}") = "Audit", "Audit", "{B7504168-2F66-9EF4-E8D7-36B98062A6F8}"
EndProject
Project("{FAE04EC0-301F-11D3-BF4B-00C04F79EFBC}") = "Dhanvi.Modules.Audit.Domain", "src\Modules\Audit\Dhanvi.Modules.Audit.Domain\Dhanvi.Modules.Audit.Domain.csproj", "{C46EFC3A-77C5-40AC-A83D-C9BDA184C8B8}"
EndProject
Project("{FAE04EC0-301F-11D3-BF4B-00C04F79EFBC}") = "Dhanvi.Modules.Audit.Application", "src\Modules\Audit\Dhanvi.Modules.Audit.Application\Dhanvi.Modules.Audit.Application.csproj", "{34E10305-FC73-4563-9C2D-996E2B087484}"
EndProject
Project("{FAE04EC0-301F-11D3-BF4B-00C04F79EFBC}") = "Dhanvi.Modules.Audit.Infrastructure", "src\Modules\Audit\Dhanvi.Modules.Audit.Infrastructure\Dhanvi.Modules.Audit.Infrastructure.csproj", "{632597F3-E638-46B7-8E74-F67845F9E312}"
EndProject
Project("{2150E333-8FDC-42A3-9474-1A3956D46DE8}") = "Organizers", "Organizers", "{3893D293-4AAB-7480-2852-8A33E0B9E81C}"
EndProject
Project("{FAE04EC0-301F-11D3-BF4B-00C04F79EFBC}") = "Dhanvi.Modules.Organizers.Domain", "src\Modules\Organizers\Dhanvi.Modules.Organizers.Domain\Dhanvi.Modules.Organizers.Domain.csproj", "{88FF4379-A8BF-44FC-8C4B-B1033F96A258}"
EndProject
Project("{FAE04EC0-301F-11D3-BF4B-00C04F79EFBC}") = "Dhanvi.Modules.Organizers.Application", "src\Modules\Organizers\Dhanvi.Modules.Organizers.Application\Dhanvi.Modules.Organizers.Application.csproj", "{013EAFB4-E952-43F1-8FEE-FBCBD883D6E8}"
EndProject
Project("{FAE04EC0-301F-11D3-BF4B-00C04F79EFBC}") = "Dhanvi.Modules.Organizers.Infrastructure", "src\Modules\Organizers\Dhanvi.Modules.Organizers.Infrastructure\Dhanvi.Modules.Organizers.Infrastructure.csproj", "{217C2C7C-8CC5-4BF2-B319-7B2E8E84C8D8}"
EndProject
Project("{2150E333-8FDC-42A3-9474-1A3956D46DE8}") = "Identity", "Identity", "{0EC62A1A-9858-3A60-8A0C-FC9AACFA2EC7}"
EndProject
Project("{FAE04EC0-301F-11D3-BF4B-00C04F79EFBC}") = "Dhanvi.Modules.Organizers.Api", "src\Modules\Organizers\Dhanvi.Modules.Organizers.Api\Dhanvi.Modules.Organizers.Api.csproj", "{F1DCEA6F-D49D-4195-9088-9FE00359C2EC}"
EndProject
Project("{2150E333-8FDC-42A3-9474-1A3956D46DE8}") = "Cycles", "Cycles", "{73B17242-06AA-6425-FB22-1100543BA2EF}"
EndProject
Project("{FAE04EC0-301F-11D3-BF4B-00C04F79EFBC}") = "Dhanvi.Modules.Cycles.Domain", "src\Modules\Cycles\Dhanvi.Modules.Cycles.Domain\Dhanvi.Modules.Cycles.Domain.csproj", "{F7FA9790-413D-4881-91A5-B0582C130E84}"
EndProject
Project("{2150E333-8FDC-42A3-9474-1A3956D46DE8}") = "Groups", "Groups", "{E0F64591-9CCC-4CC4-9464-60809B18C4D2}"
EndProject
Project("{2150E333-8FDC-42A3-9474-1A3956D46DE8}") = "Contributions", "Contributions", "{5D6B6C68-9141-7B2D-F4E4-7C27103C6E94}"
EndProject
Project("{FAE04EC0-301F-11D3-BF4B-00C04F79EFBC}") = "Dhanvi.Modules.Contributions.Domain", "src\Modules\Contributions\Dhanvi.Modules.Contributions.Domain\Dhanvi.Modules.Contributions.Domain.csproj", "{CBFBA2FA-957E-4433-A7E7-634383ECE0EF}"
EndProject
Project("{2150E333-8FDC-42A3-9474-1A3956D46DE8}") = "RandomDraws", "RandomDraws", "{491C194E-2541-103A-C665-F6BECE1FA621}"
EndProject
Project("{FAE04EC0-301F-11D3-BF4B-00C04F79EFBC}") = "Dhanvi.Modules.RandomDraws.Domain", "src\Modules\RandomDraws\Dhanvi.Modules.RandomDraws.Domain\Dhanvi.Modules.RandomDraws.Domain.csproj", "{D458C82D-F0FE-4A79-826A-CB59B8258E27}"
EndProject
Project("{FAE04EC0-301F-11D3-BF4B-00C04F79EFBC}") = "Dhanvi.Modules.RandomDraws.Application", "src\Modules\RandomDraws\Dhanvi.Modules.RandomDraws.Application\Dhanvi.Modules.RandomDraws.Application.csproj", "{0535BC99-50F3-496F-8AA7-ADE6C31E2D7C}"
EndProject
Project("{FAE04EC0-301F-11D3-BF4B-00C04F79EFBC}") = "Dhanvi.Modules.RandomDraws.Infrastructure", "src\Modules\RandomDraws\Dhanvi.Modules.RandomDraws.Infrastructure\Dhanvi.Modules.RandomDraws.Infrastructure.csproj", "{9067DA99-6DA0-420D-823A-6FC67859ADB9}"
EndProject
Project("{FAE04EC0-301F-11D3-BF4B-00C04F79EFBC}") = "Dhanvi.Modules.RandomDraws.Api", "src\Modules\RandomDraws\Dhanvi.Modules.RandomDraws.Api\Dhanvi.Modules.RandomDraws.Api.csproj", "{61B66C30-7178-4B58-9803-C57898B4D970}"
EndProject
Project("{2150E333-8FDC-42A3-9474-1A3956D46DE8}") = "Auctions", "Auctions", "{09CD98A7-A0B9-E9DC-E9BB-E027285CBB18}"
EndProject
Project("{FAE04EC0-301F-11D3-BF4B-00C04F79EFBC}") = "Dhanvi.Modules.Auctions.Domain", "src\Modules\Auctions\Dhanvi.Modules.Auctions.Domain\Dhanvi.Modules.Auctions.Domain.csproj", "{C27A2DC6-21B3-4F26-AC00-DC08F8F63306}"
EndProject
Project("{FAE04EC0-301F-11D3-BF4B-00C04F79EFBC}") = "Dhanvi.Modules.Auctions.Application", "src\Modules\Auctions\Dhanvi.Modules.Auctions.Application\Dhanvi.Modules.Auctions.Application.csproj", "{FB22F8A0-F218-4401-96A9-FCA53CDC5F6A}"
EndProject
Project("{FAE04EC0-301F-11D3-BF4B-00C04F79EFBC}") = "Dhanvi.Modules.Auctions.Infrastructure", "src\Modules\Auctions\Dhanvi.Modules.Auctions.Infrastructure\Dhanvi.Modules.Auctions.Infrastructure.csproj", "{2FCD843D-E446-46B8-BC71-30D2016D0C8C}"
EndProject
Project("{FAE04EC0-301F-11D3-BF4B-00C04F79EFBC}") = "Dhanvi.Modules.Auctions.Api", "src\Modules\Auctions\Dhanvi.Modules.Auctions.Api\Dhanvi.Modules.Auctions.Api.csproj", "{A8072D57-2D90-46E1-9558-4701E129C532}"
EndProject
Project("{2150E333-8FDC-42A3-9474-1A3956D46DE8}") = "Ledger", "Ledger", "{94CA1A96-709C-708D-86F4-C17510E77C63}"
EndProject
Project("{FAE04EC0-301F-11D3-BF4B-00C04F79EFBC}") = "Dhanvi.Modules.Ledger.Domain", "src\Modules\Ledger\Dhanvi.Modules.Ledger.Domain\Dhanvi.Modules.Ledger.Domain.csproj", "{964DCB71-1E60-4CE2-9486-E923DE4A57E9}"
EndProject
Project("{FAE04EC0-301F-11D3-BF4B-00C04F79EFBC}") = "Dhanvi.Modules.Ledger.Application", "src\Modules\Ledger\Dhanvi.Modules.Ledger.Application\Dhanvi.Modules.Ledger.Application.csproj", "{D2531259-20AF-43EA-A28B-C4E173D5696C}"
EndProject
Project("{FAE04EC0-301F-11D3-BF4B-00C04F79EFBC}") = "Dhanvi.Modules.Ledger.Infrastructure", "src\Modules\Ledger\Dhanvi.Modules.Ledger.Infrastructure\Dhanvi.Modules.Ledger.Infrastructure.csproj", "{ED41B23E-FA5F-4779-BA18-FCE22DF8A0F3}"
EndProject
Project("{FAE04EC0-301F-11D3-BF4B-00C04F79EFBC}") = "Dhanvi.Modules.Ledger.Api", "src\Modules\Ledger\Dhanvi.Modules.Ledger.Api\Dhanvi.Modules.Ledger.Api.csproj", "{CD26C611-9447-49F3-BB3C-C7960AED20E5}"
EndProject
Global
	GlobalSection(SolutionConfigurationPlatforms) = preSolution
		Debug|Any CPU = Debug|Any CPU
		Debug|x64 = Debug|x64
		Debug|x86 = Debug|x86
		Release|Any CPU = Release|Any CPU
		Release|x64 = Release|x64
		Release|x86 = Release|x86
	EndGlobalSection
	GlobalSection(ProjectConfigurationPlatforms) = postSolution
		{11111111-1111-4111-8111-111111111111}.Debug|Any CPU.ActiveCfg = Debug|Any CPU
		{11111111-1111-4111-8111-111111111111}.Debug|Any CPU.Build.0 = Debug|Any CPU
		{11111111-1111-4111-8111-111111111111}.Debug|x64.ActiveCfg = Debug|Any CPU
		{11111111-1111-4111-8111-111111111111}.Debug|x64.Build.0 = Debug|Any CPU
		{11111111-1111-4111-8111-111111111111}.Debug|x86.ActiveCfg = Debug|Any CPU
		{11111111-1111-4111-8111-111111111111}.Debug|x86.Build.0 = Debug|Any CPU
		{11111111-1111-4111-8111-111111111111}.Release|Any CPU.ActiveCfg = Release|Any CPU
		{11111111-1111-4111-8111-111111111111}.Release|Any CPU.Build.0 = Release|Any CPU
		{11111111-1111-4111-8111-111111111111}.Release|x64.ActiveCfg = Release|Any CPU
		{11111111-1111-4111-8111-111111111111}.Release|x64.Build.0 = Release|Any CPU
		{11111111-1111-4111-8111-111111111111}.Release|x86.ActiveCfg = Release|Any CPU
		{11111111-1111-4111-8111-111111111111}.Release|x86.Build.0 = Release|Any CPU
		{22222222-2222-4222-8222-222222222222}.Debug|Any CPU.ActiveCfg = Debug|Any CPU
		{22222222-2222-4222-8222-222222222222}.Debug|Any CPU.Build.0 = Debug|Any CPU
		{22222222-2222-4222-8222-222222222222}.Debug|x64.ActiveCfg = Debug|Any CPU
		{22222222-2222-4222-8222-222222222222}.Debug|x64.Build.0 = Debug|Any CPU
		{22222222-2222-4222-8222-222222222222}.Debug|x86.ActiveCfg = Debug|Any CPU
		{22222222-2222-4222-8222-222222222222}.Debug|x86.Build.0 = Debug|Any CPU
		{22222222-2222-4222-8222-222222222222}.Release|Any CPU.ActiveCfg = Release|Any CPU
		{22222222-2222-4222-8222-222222222222}.Release|Any CPU.Build.0 = Release|Any CPU
		{22222222-2222-4222-8222-222222222222}.Release|x64.ActiveCfg = Release|Any CPU
		{22222222-2222-4222-8222-222222222222}.Release|x64.Build.0 = Release|Any CPU
		{22222222-2222-4222-8222-222222222222}.Release|x86.ActiveCfg = Release|Any CPU
		{22222222-2222-4222-8222-222222222222}.Release|x86.Build.0 = Release|Any CPU
		{31111111-1111-4111-8111-111111111111}.Debug|Any CPU.ActiveCfg = Debug|Any CPU
		{31111111-1111-4111-8111-111111111111}.Debug|Any CPU.Build.0 = Debug|Any CPU
		{31111111-1111-4111-8111-111111111111}.Debug|x64.ActiveCfg = Debug|Any CPU
		{31111111-1111-4111-8111-111111111111}.Debug|x64.Build.0 = Debug|Any CPU
		{31111111-1111-4111-8111-111111111111}.Debug|x86.ActiveCfg = Debug|Any CPU
		{31111111-1111-4111-8111-111111111111}.Debug|x86.Build.0 = Debug|Any CPU
		{31111111-1111-4111-8111-111111111111}.Release|Any CPU.ActiveCfg = Release|Any CPU
		{31111111-1111-4111-8111-111111111111}.Release|Any CPU.Build.0 = Release|Any CPU
		{31111111-1111-4111-8111-111111111111}.Release|x64.ActiveCfg = Release|Any CPU
		{31111111-1111-4111-8111-111111111111}.Release|x64.Build.0 = Release|Any CPU
		{31111111-1111-4111-8111-111111111111}.Release|x86.ActiveCfg = Release|Any CPU
		{31111111-1111-4111-8111-111111111111}.Release|x86.Build.0 = Release|Any CPU
		{32222222-2222-4222-8222-222222222222}.Debug|Any CPU.ActiveCfg = Debug|Any CPU
		{32222222-2222-4222-8222-222222222222}.Debug|Any CPU.Build.0 = Debug|Any CPU
		{32222222-2222-4222-8222-222222222222}.Debug|x64.ActiveCfg = Debug|Any CPU
		{32222222-2222-4222-8222-222222222222}.Debug|x64.Build.0 = Debug|Any CPU
		{32222222-2222-4222-8222-222222222222}.Debug|x86.ActiveCfg = Debug|Any CPU
		{32222222-2222-4222-8222-222222222222}.Debug|x86.Build.0 = Debug|Any CPU
		{32222222-2222-4222-8222-222222222222}.Release|Any CPU.ActiveCfg = Release|Any CPU
		{32222222-2222-4222-8222-222222222222}.Release|Any CPU.Build.0 = Release|Any CPU
		{32222222-2222-4222-8222-222222222222}.Release|x64.ActiveCfg = Release|Any CPU
		{32222222-2222-4222-8222-222222222222}.Release|x64.Build.0 = Release|Any CPU
		{32222222-2222-4222-8222-222222222222}.Release|x86.ActiveCfg = Release|Any CPU
		{32222222-2222-4222-8222-222222222222}.Release|x86.Build.0 = Release|Any CPU
		{33333333-3333-4333-8333-333333333333}.Debug|Any CPU.ActiveCfg = Debug|Any CPU
		{33333333-3333-4333-8333-333333333333}.Debug|Any CPU.Build.0 = Debug|Any CPU
		{33333333-3333-4333-8333-333333333333}.Debug|x64.ActiveCfg = Debug|Any CPU
		{33333333-3333-4333-8333-333333333333}.Debug|x64.Build.0 = Debug|Any CPU
		{33333333-3333-4333-8333-333333333333}.Debug|x86.ActiveCfg = Debug|Any CPU
		{33333333-3333-4333-8333-333333333333}.Debug|x86.Build.0 = Debug|Any CPU
		{33333333-3333-4333-8333-333333333333}.Release|Any CPU.ActiveCfg = Release|Any CPU
		{33333333-3333-4333-8333-333333333333}.Release|Any CPU.Build.0 = Release|Any CPU
		{33333333-3333-4333-8333-333333333333}.Release|x64.ActiveCfg = Release|Any CPU
		{33333333-3333-4333-8333-333333333333}.Release|x64.Build.0 = Release|Any CPU
		{33333333-3333-4333-8333-333333333333}.Release|x86.ActiveCfg = Release|Any CPU
		{33333333-3333-4333-8333-333333333333}.Release|x86.Build.0 = Release|Any CPU
		{34444444-4444-4444-8444-444444444444}.Debug|Any CPU.ActiveCfg = Debug|Any CPU
		{34444444-4444-4444-8444-444444444444}.Debug|Any CPU.Build.0 = Debug|Any CPU
		{34444444-4444-4444-8444-444444444444}.Debug|x64.ActiveCfg = Debug|Any CPU
		{34444444-4444-4444-8444-444444444444}.Debug|x64.Build.0 = Debug|Any CPU
		{34444444-4444-4444-8444-444444444444}.Debug|x86.ActiveCfg = Debug|Any CPU
		{34444444-4444-4444-8444-444444444444}.Debug|x86.Build.0 = Debug|Any CPU
		{34444444-4444-4444-8444-444444444444}.Release|Any CPU.ActiveCfg = Release|Any CPU
		{34444444-4444-4444-8444-444444444444}.Release|Any CPU.Build.0 = Release|Any CPU
		{34444444-4444-4444-8444-444444444444}.Release|x64.ActiveCfg = Release|Any CPU
		{34444444-4444-4444-8444-444444444444}.Release|x64.Build.0 = Release|Any CPU
		{34444444-4444-4444-8444-444444444444}.Release|x86.ActiveCfg = Release|Any CPU
		{34444444-4444-4444-8444-444444444444}.Release|x86.Build.0 = Release|Any CPU
		{41111111-1111-4111-8111-111111111111}.Debug|Any CPU.ActiveCfg = Debug|Any CPU
		{41111111-1111-4111-8111-111111111111}.Debug|Any CPU.Build.0 = Debug|Any CPU
		{41111111-1111-4111-8111-111111111111}.Debug|x64.ActiveCfg = Debug|Any CPU
		{41111111-1111-4111-8111-111111111111}.Debug|x64.Build.0 = Debug|Any CPU
		{41111111-1111-4111-8111-111111111111}.Debug|x86.ActiveCfg = Debug|Any CPU
		{41111111-1111-4111-8111-111111111111}.Debug|x86.Build.0 = Debug|Any CPU
		{41111111-1111-4111-8111-111111111111}.Release|Any CPU.ActiveCfg = Release|Any CPU
		{41111111-1111-4111-8111-111111111111}.Release|Any CPU.Build.0 = Release|Any CPU
		{41111111-1111-4111-8111-111111111111}.Release|x64.ActiveCfg = Release|Any CPU
		{41111111-1111-4111-8111-111111111111}.Release|x64.Build.0 = Release|Any CPU
		{41111111-1111-4111-8111-111111111111}.Release|x86.ActiveCfg = Release|Any CPU
		{41111111-1111-4111-8111-111111111111}.Release|x86.Build.0 = Release|Any CPU
		{42222222-2222-4222-8222-222222222222}.Debug|Any CPU.ActiveCfg = Debug|Any CPU
		{42222222-2222-4222-8222-222222222222}.Debug|Any CPU.Build.0 = Debug|Any CPU
		{42222222-2222-4222-8222-222222222222}.Debug|x64.ActiveCfg = Debug|Any CPU
		{42222222-2222-4222-8222-222222222222}.Debug|x64.Build.0 = Debug|Any CPU
		{42222222-2222-4222-8222-222222222222}.Debug|x86.ActiveCfg = Debug|Any CPU
		{42222222-2222-4222-8222-222222222222}.Debug|x86.Build.0 = Debug|Any CPU
		{42222222-2222-4222-8222-222222222222}.Release|Any CPU.ActiveCfg = Release|Any CPU
		{42222222-2222-4222-8222-222222222222}.Release|Any CPU.Build.0 = Release|Any CPU
		{42222222-2222-4222-8222-222222222222}.Release|x64.ActiveCfg = Release|Any CPU
		{42222222-2222-4222-8222-222222222222}.Release|x64.Build.0 = Release|Any CPU
		{42222222-2222-4222-8222-222222222222}.Release|x86.ActiveCfg = Release|Any CPU
		{42222222-2222-4222-8222-222222222222}.Release|x86.Build.0 = Release|Any CPU
		{43333333-3333-4333-8333-333333333333}.Debug|Any CPU.ActiveCfg = Debug|Any CPU
		{43333333-3333-4333-8333-333333333333}.Debug|Any CPU.Build.0 = Debug|Any CPU
		{43333333-3333-4333-8333-333333333333}.Debug|x64.ActiveCfg = Debug|Any CPU
		{43333333-3333-4333-8333-333333333333}.Debug|x64.Build.0 = Debug|Any CPU
		{43333333-3333-4333-8333-333333333333}.Debug|x86.ActiveCfg = Debug|Any CPU
		{43333333-3333-4333-8333-333333333333}.Debug|x86.Build.0 = Debug|Any CPU
		{43333333-3333-4333-8333-333333333333}.Release|Any CPU.ActiveCfg = Release|Any CPU
		{43333333-3333-4333-8333-333333333333}.Release|Any CPU.Build.0 = Release|Any CPU
		{43333333-3333-4333-8333-333333333333}.Release|x64.ActiveCfg = Release|Any CPU
		{43333333-3333-4333-8333-333333333333}.Release|x64.Build.0 = Release|Any CPU
		{43333333-3333-4333-8333-333333333333}.Release|x86.ActiveCfg = Release|Any CPU
		{43333333-3333-4333-8333-333333333333}.Release|x86.Build.0 = Release|Any CPU
		{44444444-4444-4444-8444-444444444444}.Debug|Any CPU.ActiveCfg = Debug|Any CPU
		{44444444-4444-4444-8444-444444444444}.Debug|Any CPU.Build.0 = Debug|Any CPU
		{44444444-4444-4444-8444-444444444444}.Debug|x64.ActiveCfg = Debug|Any CPU
		{44444444-4444-4444-8444-444444444444}.Debug|x64.Build.0 = Debug|Any CPU
		{44444444-4444-4444-8444-444444444444}.Debug|x86.ActiveCfg = Debug|Any CPU
		{44444444-4444-4444-8444-444444444444}.Debug|x86.Build.0 = Debug|Any CPU
		{44444444-4444-4444-8444-444444444444}.Release|Any CPU.ActiveCfg = Release|Any CPU
		{44444444-4444-4444-8444-444444444444}.Release|Any CPU.Build.0 = Release|Any CPU
		{44444444-4444-4444-8444-444444444444}.Release|x64.ActiveCfg = Release|Any CPU
		{44444444-4444-4444-8444-444444444444}.Release|x64.Build.0 = Release|Any CPU
		{44444444-4444-4444-8444-444444444444}.Release|x86.ActiveCfg = Release|Any CPU
		{44444444-4444-4444-8444-444444444444}.Release|x86.Build.0 = Release|Any CPU
		{51111111-1111-4111-8111-111111111111}.Debug|Any CPU.ActiveCfg = Debug|Any CPU
		{51111111-1111-4111-8111-111111111111}.Debug|Any CPU.Build.0 = Debug|Any CPU
		{51111111-1111-4111-8111-111111111111}.Debug|x64.ActiveCfg = Debug|Any CPU
		{51111111-1111-4111-8111-111111111111}.Debug|x64.Build.0 = Debug|Any CPU
		{51111111-1111-4111-8111-111111111111}.Debug|x86.ActiveCfg = Debug|Any CPU
		{51111111-1111-4111-8111-111111111111}.Debug|x86.Build.0 = Debug|Any CPU
		{51111111-1111-4111-8111-111111111111}.Release|Any CPU.ActiveCfg = Release|Any CPU
		{51111111-1111-4111-8111-111111111111}.Release|Any CPU.Build.0 = Release|Any CPU
		{51111111-1111-4111-8111-111111111111}.Release|x64.ActiveCfg = Release|Any CPU
		{51111111-1111-4111-8111-111111111111}.Release|x64.Build.0 = Release|Any CPU
		{51111111-1111-4111-8111-111111111111}.Release|x86.ActiveCfg = Release|Any CPU
		{51111111-1111-4111-8111-111111111111}.Release|x86.Build.0 = Release|Any CPU
		{52222222-2222-4222-8222-222222222222}.Debug|Any CPU.ActiveCfg = Debug|Any CPU
		{52222222-2222-4222-8222-222222222222}.Debug|Any CPU.Build.0 = Debug|Any CPU
		{52222222-2222-4222-8222-222222222222}.Debug|x64.ActiveCfg = Debug|Any CPU
		{52222222-2222-4222-8222-222222222222}.Debug|x64.Build.0 = Debug|Any CPU
		{52222222-2222-4222-8222-222222222222}.Debug|x86.ActiveCfg = Debug|Any CPU
		{52222222-2222-4222-8222-222222222222}.Debug|x86.Build.0 = Debug|Any CPU
		{52222222-2222-4222-8222-222222222222}.Release|Any CPU.ActiveCfg = Release|Any CPU
		{52222222-2222-4222-8222-222222222222}.Release|Any CPU.Build.0 = Release|Any CPU
		{52222222-2222-4222-8222-222222222222}.Release|x64.ActiveCfg = Release|Any CPU
		{52222222-2222-4222-8222-222222222222}.Release|x64.Build.0 = Release|Any CPU
		{52222222-2222-4222-8222-222222222222}.Release|x86.ActiveCfg = Release|Any CPU
		{52222222-2222-4222-8222-222222222222}.Release|x86.Build.0 = Release|Any CPU
		{53333333-3333-4333-8333-333333333333}.Debug|Any CPU.ActiveCfg = Debug|Any CPU
		{53333333-3333-4333-8333-333333333333}.Debug|Any CPU.Build.0 = Debug|Any CPU
		{53333333-3333-4333-8333-333333333333}.Debug|x64.ActiveCfg = Debug|Any CPU
		{53333333-3333-4333-8333-333333333333}.Debug|x64.Build.0 = Debug|Any CPU
		{53333333-3333-4333-8333-333333333333}.Debug|x86.ActiveCfg = Debug|Any CPU
		{53333333-3333-4333-8333-333333333333}.Debug|x86.Build.0 = Debug|Any CPU
		{53333333-3333-4333-8333-333333333333}.Release|Any CPU.ActiveCfg = Release|Any CPU
		{53333333-3333-4333-8333-333333333333}.Release|Any CPU.Build.0 = Release|Any CPU
		{53333333-3333-4333-8333-333333333333}.Release|x64.ActiveCfg = Release|Any CPU
		{53333333-3333-4333-8333-333333333333}.Release|x64.Build.0 = Release|Any CPU
		{53333333-3333-4333-8333-333333333333}.Release|x86.ActiveCfg = Release|Any CPU
		{53333333-3333-4333-8333-333333333333}.Release|x86.Build.0 = Release|Any CPU
		{C46EFC3A-77C5-40AC-A83D-C9BDA184C8B8}.Debug|Any CPU.ActiveCfg = Debug|Any CPU
		{C46EFC3A-77C5-40AC-A83D-C9BDA184C8B8}.Debug|Any CPU.Build.0 = Debug|Any CPU
		{C46EFC3A-77C5-40AC-A83D-C9BDA184C8B8}.Debug|x64.ActiveCfg = Debug|Any CPU
		{C46EFC3A-77C5-40AC-A83D-C9BDA184C8B8}.Debug|x64.Build.0 = Debug|Any CPU
		{C46EFC3A-77C5-40AC-A83D-C9BDA184C8B8}.Debug|x86.ActiveCfg = Debug|Any CPU
		{C46EFC3A-77C5-40AC-A83D-C9BDA184C8B8}.Debug|x86.Build.0 = Debug|Any CPU
		{C46EFC3A-77C5-40AC-A83D-C9BDA184C8B8}.Release|Any CPU.ActiveCfg = Release|Any CPU
		{C46EFC3A-77C5-40AC-A83D-C9BDA184C8B8}.Release|Any CPU.Build.0 = Release|Any CPU
		{C46EFC3A-77C5-40AC-A83D-C9BDA184C8B8}.Release|x64.ActiveCfg = Release|Any CPU
		{C46EFC3A-77C5-40AC-A83D-C9BDA184C8B8}.Release|x64.Build.0 = Release|Any CPU
		{C46EFC3A-77C5-40AC-A83D-C9BDA184C8B8}.Release|x86.ActiveCfg = Release|Any CPU
		{C46EFC3A-77C5-40AC-A83D-C9BDA184C8B8}.Release|x86.Build.0 = Release|Any CPU
		{34E10305-FC73-4563-9C2D-996E2B087484}.Debug|Any CPU.ActiveCfg = Debug|Any CPU
		{34E10305-FC73-4563-9C2D-996E2B087484}.Debug|Any CPU.Build.0 = Debug|Any CPU
		{34E10305-FC73-4563-9C2D-996E2B087484}.Debug|x64.ActiveCfg = Debug|Any CPU
		{34E10305-FC73-4563-9C2D-996E2B087484}.Debug|x64.Build.0 = Debug|Any CPU
		{34E10305-FC73-4563-9C2D-996E2B087484}.Debug|x86.ActiveCfg = Debug|Any CPU
		{34E10305-FC73-4563-9C2D-996E2B087484}.Debug|x86.Build.0 = Debug|Any CPU
		{34E10305-FC73-4563-9C2D-996E2B087484}.Release|Any CPU.ActiveCfg = Release|Any CPU
		{34E10305-FC73-4563-9C2D-996E2B087484}.Release|Any CPU.Build.0 = Release|Any CPU
		{34E10305-FC73-4563-9C2D-996E2B087484}.Release|x64.ActiveCfg = Release|Any CPU
		{34E10305-FC73-4563-9C2D-996E2B087484}.Release|x64.Build.0 = Release|Any CPU
		{34E10305-FC73-4563-9C2D-996E2B087484}.Release|x86.ActiveCfg = Release|Any CPU
		{34E10305-FC73-4563-9C2D-996E2B087484}.Release|x86.Build.0 = Release|Any CPU
		{632597F3-E638-46B7-8E74-F67845F9E312}.Debug|Any CPU.ActiveCfg = Debug|Any CPU
		{632597F3-E638-46B7-8E74-F67845F9E312}.Debug|Any CPU.Build.0 = Debug|Any CPU
		{632597F3-E638-46B7-8E74-F67845F9E312}.Debug|x64.ActiveCfg = Debug|Any CPU
		{632597F3-E638-46B7-8E74-F67845F9E312}.Debug|x64.Build.0 = Debug|Any CPU
		{632597F3-E638-46B7-8E74-F67845F9E312}.Debug|x86.ActiveCfg = Debug|Any CPU
		{632597F3-E638-46B7-8E74-F67845F9E312}.Debug|x86.Build.0 = Debug|Any CPU
		{632597F3-E638-46B7-8E74-F67845F9E312}.Release|Any CPU.ActiveCfg = Release|Any CPU
		{632597F3-E638-46B7-8E74-F67845F9E312}.Release|Any CPU.Build.0 = Release|Any CPU
		{632597F3-E638-46B7-8E74-F67845F9E312}.Release|x64.ActiveCfg = Release|Any CPU
		{632597F3-E638-46B7-8E74-F67845F9E312}.Release|x64.Build.0 = Release|Any CPU
		{632597F3-E638-46B7-8E74-F67845F9E312}.Release|x86.ActiveCfg = Release|Any CPU
		{632597F3-E638-46B7-8E74-F67845F9E312}.Release|x86.Build.0 = Release|Any CPU
		{88FF4379-A8BF-44FC-8C4B-B1033F96A258}.Debug|Any CPU.ActiveCfg = Debug|Any CPU
		{88FF4379-A8BF-44FC-8C4B-B1033F96A258}.Debug|Any CPU.Build.0 = Debug|Any CPU
		{88FF4379-A8BF-44FC-8C4B-B1033F96A258}.Debug|x64.ActiveCfg = Debug|Any CPU
		{88FF4379-A8BF-44FC-8C4B-B1033F96A258}.Debug|x64.Build.0 = Debug|Any CPU
		{88FF4379-A8BF-44FC-8C4B-B1033F96A258}.Debug|x86.ActiveCfg = Debug|Any CPU
		{88FF4379-A8BF-44FC-8C4B-B1033F96A258}.Debug|x86.Build.0 = Debug|Any CPU
		{88FF4379-A8BF-44FC-8C4B-B1033F96A258}.Release|Any CPU.ActiveCfg = Release|Any CPU
		{88FF4379-A8BF-44FC-8C4B-B1033F96A258}.Release|Any CPU.Build.0 = Release|Any CPU
		{88FF4379-A8BF-44FC-8C4B-B1033F96A258}.Release|x64.ActiveCfg = Release|Any CPU
		{88FF4379-A8BF-44FC-8C4B-B1033F96A258}.Release|x64.Build.0 = Release|Any CPU
		{88FF4379-A8BF-44FC-8C4B-B1033F96A258}.Release|x86.ActiveCfg = Release|Any CPU
		{88FF4379-A8BF-44FC-8C4B-B1033F96A258}.Release|x86.Build.0 = Release|Any CPU
		{013EAFB4-E952-43F1-8FEE-FBCBD883D6E8}.Debug|Any CPU.ActiveCfg = Debug|Any CPU
		{013EAFB4-E952-43F1-8FEE-FBCBD883D6E8}.Debug|Any CPU.Build.0 = Debug|Any CPU
		{013EAFB4-E952-43F1-8FEE-FBCBD883D6E8}.Debug|x64.ActiveCfg = Debug|Any CPU
		{013EAFB4-E952-43F1-8FEE-FBCBD883D6E8}.Debug|x64.Build.0 = Debug|Any CPU
		{013EAFB4-E952-43F1-8FEE-FBCBD883D6E8}.Debug|x86.ActiveCfg = Debug|Any CPU
		{013EAFB4-E952-43F1-8FEE-FBCBD883D6E8}.Debug|x86.Build.0 = Debug|Any CPU
		{013EAFB4-E952-43F1-8FEE-FBCBD883D6E8}.Release|Any CPU.ActiveCfg = Release|Any CPU
		{013EAFB4-E952-43F1-8FEE-FBCBD883D6E8}.Release|Any CPU.Build.0 = Release|Any CPU
		{013EAFB4-E952-43F1-8FEE-FBCBD883D6E8}.Release|x64.ActiveCfg = Release|Any CPU
		{013EAFB4-E952-43F1-8FEE-FBCBD883D6E8}.Release|x64.Build.0 = Release|Any CPU
		{013EAFB4-E952-43F1-8FEE-FBCBD883D6E8}.Release|x86.ActiveCfg = Release|Any CPU
		{013EAFB4-E952-43F1-8FEE-FBCBD883D6E8}.Release|x86.Build.0 = Release|Any CPU
		{217C2C7C-8CC5-4BF2-B319-7B2E8E84C8D8}.Debug|Any CPU.ActiveCfg = Debug|Any CPU
		{217C2C7C-8CC5-4BF2-B319-7B2E8E84C8D8}.Debug|Any CPU.Build.0 = Debug|Any CPU
		{217C2C7C-8CC5-4BF2-B319-7B2E8E84C8D8}.Debug|x64.ActiveCfg = Debug|Any CPU
		{217C2C7C-8CC5-4BF2-B319-7B2E8E84C8D8}.Debug|x64.Build.0 = Debug|Any CPU
		{217C2C7C-8CC5-4BF2-B319-7B2E8E84C8D8}.Debug|x86.ActiveCfg = Debug|Any CPU
		{217C2C7C-8CC5-4BF2-B319-7B2E8E84C8D8}.Debug|x86.Build.0 = Debug|Any CPU
		{217C2C7C-8CC5-4BF2-B319-7B2E8E84C8D8}.Release|Any CPU.ActiveCfg = Release|Any CPU
		{217C2C7C-8CC5-4BF2-B319-7B2E8E84C8D8}.Release|Any CPU.Build.0 = Release|Any CPU
		{217C2C7C-8CC5-4BF2-B319-7B2E8E84C8D8}.Release|x64.ActiveCfg = Release|Any CPU
		{217C2C7C-8CC5-4BF2-B319-7B2E8E84C8D8}.Release|x64.Build.0 = Release|Any CPU
		{217C2C7C-8CC5-4BF2-B319-7B2E8E84C8D8}.Release|x86.ActiveCfg = Release|Any CPU
		{217C2C7C-8CC5-4BF2-B319-7B2E8E84C8D8}.Release|x86.Build.0 = Release|Any CPU
		{F1DCEA6F-D49D-4195-9088-9FE00359C2EC}.Debug|Any CPU.ActiveCfg = Debug|Any CPU
		{F1DCEA6F-D49D-4195-9088-9FE00359C2EC}.Debug|Any CPU.Build.0 = Debug|Any CPU
		{F1DCEA6F-D49D-4195-9088-9FE00359C2EC}.Debug|x64.ActiveCfg = Debug|Any CPU
		{F1DCEA6F-D49D-4195-9088-9FE00359C2EC}.Debug|x64.Build.0 = Debug|Any CPU
		{F1DCEA6F-D49D-4195-9088-9FE00359C2EC}.Debug|x86.ActiveCfg = Debug|Any CPU
		{F1DCEA6F-D49D-4195-9088-9FE00359C2EC}.Debug|x86.Build.0 = Debug|Any CPU
		{F1DCEA6F-D49D-4195-9088-9FE00359C2EC}.Release|Any CPU.ActiveCfg = Release|Any CPU
		{F1DCEA6F-D49D-4195-9088-9FE00359C2EC}.Release|Any CPU.Build.0 = Release|Any CPU
		{F1DCEA6F-D49D-4195-9088-9FE00359C2EC}.Release|x64.ActiveCfg = Release|Any CPU
		{F1DCEA6F-D49D-4195-9088-9FE00359C2EC}.Release|x64.Build.0 = Release|Any CPU
		{F1DCEA6F-D49D-4195-9088-9FE00359C2EC}.Release|x86.ActiveCfg = Release|Any CPU
		{F1DCEA6F-D49D-4195-9088-9FE00359C2EC}.Release|x86.Build.0 = Release|Any CPU
		{F7FA9790-413D-4881-91A5-B0582C130E84}.Debug|Any CPU.ActiveCfg = Debug|Any CPU
		{F7FA9790-413D-4881-91A5-B0582C130E84}.Debug|Any CPU.Build.0 = Debug|Any CPU
		{F7FA9790-413D-4881-91A5-B0582C130E84}.Debug|x64.ActiveCfg = Debug|Any CPU
		{F7FA9790-413D-4881-91A5-B0582C130E84}.Debug|x64.Build.0 = Debug|Any CPU
		{F7FA9790-413D-4881-91A5-B0582C130E84}.Debug|x86.ActiveCfg = Debug|Any CPU
		{F7FA9790-413D-4881-91A5-B0582C130E84}.Debug|x86.Build.0 = Debug|Any CPU
		{F7FA9790-413D-4881-91A5-B0582C130E84}.Release|Any CPU.ActiveCfg = Release|Any CPU
		{F7FA9790-413D-4881-91A5-B0582C130E84}.Release|Any CPU.Build.0 = Release|Any CPU
		{F7FA9790-413D-4881-91A5-B0582C130E84}.Release|x64.ActiveCfg = Release|Any CPU
		{F7FA9790-413D-4881-91A5-B0582C130E84}.Release|x64.Build.0 = Release|Any CPU
		{F7FA9790-413D-4881-91A5-B0582C130E84}.Release|x86.ActiveCfg = Release|Any CPU
		{F7FA9790-413D-4881-91A5-B0582C130E84}.Release|x86.Build.0 = Release|Any CPU
		{CBFBA2FA-957E-4433-A7E7-634383ECE0EF}.Debug|Any CPU.ActiveCfg = Debug|Any CPU
		{CBFBA2FA-957E-4433-A7E7-634383ECE0EF}.Debug|Any CPU.Build.0 = Debug|Any CPU
		{CBFBA2FA-957E-4433-A7E7-634383ECE0EF}.Debug|x64.ActiveCfg = Debug|Any CPU
		{CBFBA2FA-957E-4433-A7E7-634383ECE0EF}.Debug|x64.Build.0 = Debug|Any CPU
		{CBFBA2FA-957E-4433-A7E7-634383ECE0EF}.Debug|x86.ActiveCfg = Debug|Any CPU
		{CBFBA2FA-957E-4433-A7E7-634383ECE0EF}.Debug|x86.Build.0 = Debug|Any CPU
		{CBFBA2FA-957E-4433-A7E7-634383ECE0EF}.Release|Any CPU.ActiveCfg = Release|Any CPU
		{CBFBA2FA-957E-4433-A7E7-634383ECE0EF}.Release|Any CPU.Build.0 = Release|Any CPU
		{CBFBA2FA-957E-4433-A7E7-634383ECE0EF}.Release|x64.ActiveCfg = Release|Any CPU
		{CBFBA2FA-957E-4433-A7E7-634383ECE0EF}.Release|x64.Build.0 = Release|Any CPU
		{CBFBA2FA-957E-4433-A7E7-634383ECE0EF}.Release|x86.ActiveCfg = Release|Any CPU
		{CBFBA2FA-957E-4433-A7E7-634383ECE0EF}.Release|x86.Build.0 = Release|Any CPU
		{D458C82D-F0FE-4A79-826A-CB59B8258E27}.Debug|Any CPU.ActiveCfg = Debug|Any CPU
		{D458C82D-F0FE-4A79-826A-CB59B8258E27}.Debug|Any CPU.Build.0 = Debug|Any CPU
		{D458C82D-F0FE-4A79-826A-CB59B8258E27}.Debug|x64.ActiveCfg = Debug|Any CPU
		{D458C82D-F0FE-4A79-826A-CB59B8258E27}.Debug|x64.Build.0 = Debug|Any CPU
		{D458C82D-F0FE-4A79-826A-CB59B8258E27}.Debug|x86.ActiveCfg = Debug|Any CPU
		{D458C82D-F0FE-4A79-826A-CB59B8258E27}.Debug|x86.Build.0 = Debug|Any CPU
		{D458C82D-F0FE-4A79-826A-CB59B8258E27}.Release|Any CPU.ActiveCfg = Release|Any CPU
		{D458C82D-F0FE-4A79-826A-CB59B8258E27}.Release|Any CPU.Build.0 = Release|Any CPU
		{D458C82D-F0FE-4A79-826A-CB59B8258E27}.Release|x64.ActiveCfg = Release|Any CPU
		{D458C82D-F0FE-4A79-826A-CB59B8258E27}.Release|x64.Build.0 = Release|Any CPU
		{D458C82D-F0FE-4A79-826A-CB59B8258E27}.Release|x86.ActiveCfg = Release|Any CPU
		{D458C82D-F0FE-4A79-826A-CB59B8258E27}.Release|x86.Build.0 = Release|Any CPU
		{0535BC99-50F3-496F-8AA7-ADE6C31E2D7C}.Debug|Any CPU.ActiveCfg = Debug|Any CPU
		{0535BC99-50F3-496F-8AA7-ADE6C31E2D7C}.Debug|Any CPU.Build.0 = Debug|Any CPU
		{0535BC99-50F3-496F-8AA7-ADE6C31E2D7C}.Debug|x64.ActiveCfg = Debug|Any CPU
		{0535BC99-50F3-496F-8AA7-ADE6C31E2D7C}.Debug|x64.Build.0 = Debug|Any CPU
		{0535BC99-50F3-496F-8AA7-ADE6C31E2D7C}.Debug|x86.ActiveCfg = Debug|Any CPU
		{0535BC99-50F3-496F-8AA7-ADE6C31E2D7C}.Debug|x86.Build.0 = Debug|Any CPU
		{0535BC99-50F3-496F-8AA7-ADE6C31E2D7C}.Release|Any CPU.ActiveCfg = Release|Any CPU
		{0535BC99-50F3-496F-8AA7-ADE6C31E2D7C}.Release|Any CPU.Build.0 = Release|Any CPU
		{0535BC99-50F3-496F-8AA7-ADE6C31E2D7C}.Release|x64.ActiveCfg = Release|Any CPU
		{0535BC99-50F3-496F-8AA7-ADE6C31E2D7C}.Release|x64.Build.0 = Release|Any CPU
		{0535BC99-50F3-496F-8AA7-ADE6C31E2D7C}.Release|x86.ActiveCfg = Release|Any CPU
		{0535BC99-50F3-496F-8AA7-ADE6C31E2D7C}.Release|x86.Build.0 = Release|Any CPU
		{9067DA99-6DA0-420D-823A-6FC67859ADB9}.Debug|Any CPU.ActiveCfg = Debug|Any CPU
		{9067DA99-6DA0-420D-823A-6FC67859ADB9}.Debug|Any CPU.Build.0 = Debug|Any CPU
		{9067DA99-6DA0-420D-823A-6FC67859ADB9}.Debug|x64.ActiveCfg = Debug|Any CPU
		{9067DA99-6DA0-420D-823A-6FC67859ADB9}.Debug|x64.Build.0 = Debug|Any CPU
		{9067DA99-6DA0-420D-823A-6FC67859ADB9}.Debug|x86.ActiveCfg = Debug|Any CPU
		{9067DA99-6DA0-420D-823A-6FC67859ADB9}.Debug|x86.Build.0 = Debug|Any CPU
		{9067DA99-6DA0-420D-823A-6FC67859ADB9}.Release|Any CPU.ActiveCfg = Release|Any CPU
		{9067DA99-6DA0-420D-823A-6FC67859ADB9}.Release|Any CPU.Build.0 = Release|Any CPU
		{9067DA99-6DA0-420D-823A-6FC67859ADB9}.Release|x64.ActiveCfg = Release|Any CPU
		{9067DA99-6DA0-420D-823A-6FC67859ADB9}.Release|x64.Build.0 = Release|Any CPU
		{9067DA99-6DA0-420D-823A-6FC67859ADB9}.Release|x86.ActiveCfg = Release|Any CPU
		{9067DA99-6DA0-420D-823A-6FC67859ADB9}.Release|x86.Build.0 = Release|Any CPU
		{61B66C30-7178-4B58-9803-C57898B4D970}.Debug|Any CPU.ActiveCfg = Debug|Any CPU
		{61B66C30-7178-4B58-9803-C57898B4D970}.Debug|Any CPU.Build.0 = Debug|Any CPU
		{61B66C30-7178-4B58-9803-C57898B4D970}.Debug|x64.ActiveCfg = Debug|Any CPU
		{61B66C30-7178-4B58-9803-C57898B4D970}.Debug|x64.Build.0 = Debug|Any CPU
		{61B66C30-7178-4B58-9803-C57898B4D970}.Debug|x86.ActiveCfg = Debug|Any CPU
		{61B66C30-7178-4B58-9803-C57898B4D970}.Debug|x86.Build.0 = Debug|Any CPU
		{61B66C30-7178-4B58-9803-C57898B4D970}.Release|Any CPU.ActiveCfg = Release|Any CPU
		{61B66C30-7178-4B58-9803-C57898B4D970}.Release|Any CPU.Build.0 = Release|Any CPU
		{61B66C30-7178-4B58-9803-C57898B4D970}.Release|x64.ActiveCfg = Release|Any CPU
		{61B66C30-7178-4B58-9803-C57898B4D970}.Release|x64.Build.0 = Release|Any CPU
		{61B66C30-7178-4B58-9803-C57898B4D970}.Release|x86.ActiveCfg = Release|Any CPU
		{61B66C30-7178-4B58-9803-C57898B4D970}.Release|x86.Build.0 = Release|Any CPU
		{C27A2DC6-21B3-4F26-AC00-DC08F8F63306}.Debug|Any CPU.ActiveCfg = Debug|Any CPU
		{C27A2DC6-21B3-4F26-AC00-DC08F8F63306}.Debug|Any CPU.Build.0 = Debug|Any CPU
		{C27A2DC6-21B3-4F26-AC00-DC08F8F63306}.Debug|x64.ActiveCfg = Debug|Any CPU
		{C27A2DC6-21B3-4F26-AC00-DC08F8F63306}.Debug|x64.Build.0 = Debug|Any CPU
		{C27A2DC6-21B3-4F26-AC00-DC08F8F63306}.Debug|x86.ActiveCfg = Debug|Any CPU
		{C27A2DC6-21B3-4F26-AC00-DC08F8F63306}.Debug|x86.Build.0 = Debug|Any CPU
		{C27A2DC6-21B3-4F26-AC00-DC08F8F63306}.Release|Any CPU.ActiveCfg = Release|Any CPU
		{C27A2DC6-21B3-4F26-AC00-DC08F8F63306}.Release|Any CPU.Build.0 = Release|Any CPU
		{C27A2DC6-21B3-4F26-AC00-DC08F8F63306}.Release|x64.ActiveCfg = Release|Any CPU
		{C27A2DC6-21B3-4F26-AC00-DC08F8F63306}.Release|x64.Build.0 = Release|Any CPU
		{C27A2DC6-21B3-4F26-AC00-DC08F8F63306}.Release|x86.ActiveCfg = Release|Any CPU
		{C27A2DC6-21B3-4F26-AC00-DC08F8F63306}.Release|x86.Build.0 = Release|Any CPU
		{FB22F8A0-F218-4401-96A9-FCA53CDC5F6A}.Debug|Any CPU.ActiveCfg = Debug|Any CPU
		{FB22F8A0-F218-4401-96A9-FCA53CDC5F6A}.Debug|Any CPU.Build.0 = Debug|Any CPU
		{FB22F8A0-F218-4401-96A9-FCA53CDC5F6A}.Debug|x64.ActiveCfg = Debug|Any CPU
		{FB22F8A0-F218-4401-96A9-FCA53CDC5F6A}.Debug|x64.Build.0 = Debug|Any CPU
		{FB22F8A0-F218-4401-96A9-FCA53CDC5F6A}.Debug|x86.ActiveCfg = Debug|Any CPU
		{FB22F8A0-F218-4401-96A9-FCA53CDC5F6A}.Debug|x86.Build.0 = Debug|Any CPU
		{FB22F8A0-F218-4401-96A9-FCA53CDC5F6A}.Release|Any CPU.ActiveCfg = Release|Any CPU
		{FB22F8A0-F218-4401-96A9-FCA53CDC5F6A}.Release|Any CPU.Build.0 = Release|Any CPU
		{FB22F8A0-F218-4401-96A9-FCA53CDC5F6A}.Release|x64.ActiveCfg = Release|Any CPU
		{FB22F8A0-F218-4401-96A9-FCA53CDC5F6A}.Release|x64.Build.0 = Release|Any CPU
		{FB22F8A0-F218-4401-96A9-FCA53CDC5F6A}.Release|x86.ActiveCfg = Release|Any CPU
		{FB22F8A0-F218-4401-96A9-FCA53CDC5F6A}.Release|x86.Build.0 = Release|Any CPU
		{2FCD843D-E446-46B8-BC71-30D2016D0C8C}.Debug|Any CPU.ActiveCfg = Debug|Any CPU
		{2FCD843D-E446-46B8-BC71-30D2016D0C8C}.Debug|Any CPU.Build.0 = Debug|Any CPU
		{2FCD843D-E446-46B8-BC71-30D2016D0C8C}.Debug|x64.ActiveCfg = Debug|Any CPU
		{2FCD843D-E446-46B8-BC71-30D2016D0C8C}.Debug|x64.Build.0 = Debug|Any CPU
		{2FCD843D-E446-46B8-BC71-30D2016D0C8C}.Debug|x86.ActiveCfg = Debug|Any CPU
		{2FCD843D-E446-46B8-BC71-30D2016D0C8C}.Debug|x86.Build.0 = Debug|Any CPU
		{2FCD843D-E446-46B8-BC71-30D2016D0C8C}.Release|Any CPU.ActiveCfg = Release|Any CPU
		{2FCD843D-E446-46B8-BC71-30D2016D0C8C}.Release|Any CPU.Build.0 = Release|Any CPU
		{2FCD843D-E446-46B8-BC71-30D2016D0C8C}.Release|x64.ActiveCfg = Release|Any CPU
		{2FCD843D-E446-46B8-BC71-30D2016D0C8C}.Release|x64.Build.0 = Release|Any CPU
		{2FCD843D-E446-46B8-BC71-30D2016D0C8C}.Release|x86.ActiveCfg = Release|Any CPU
		{2FCD843D-E446-46B8-BC71-30D2016D0C8C}.Release|x86.Build.0 = Release|Any CPU
		{A8072D57-2D90-46E1-9558-4701E129C532}.Debug|Any CPU.ActiveCfg = Debug|Any CPU
		{A8072D57-2D90-46E1-9558-4701E129C532}.Debug|Any CPU.Build.0 = Debug|Any CPU
		{A8072D57-2D90-46E1-9558-4701E129C532}.Debug|x64.ActiveCfg = Debug|Any CPU
		{A8072D57-2D90-46E1-9558-4701E129C532}.Debug|x64.Build.0 = Debug|Any CPU
		{A8072D57-2D90-46E1-9558-4701E129C532}.Debug|x86.ActiveCfg = Debug|Any CPU
		{A8072D57-2D90-46E1-9558-4701E129C532}.Debug|x86.Build.0 = Debug|Any CPU
		{A8072D57-2D90-46E1-9558-4701E129C532}.Release|Any CPU.ActiveCfg = Release|Any CPU
		{A8072D57-2D90-46E1-9558-4701E129C532}.Release|Any CPU.Build.0 = Release|Any CPU
		{A8072D57-2D90-46E1-9558-4701E129C532}.Release|x64.ActiveCfg = Release|Any CPU
		{A8072D57-2D90-46E1-9558-4701E129C532}.Release|x64.Build.0 = Release|Any CPU
		{A8072D57-2D90-46E1-9558-4701E129C532}.Release|x86.ActiveCfg = Release|Any CPU
		{A8072D57-2D90-46E1-9558-4701E129C532}.Release|x86.Build.0 = Release|Any CPU
		{964DCB71-1E60-4CE2-9486-E923DE4A57E9}.Debug|Any CPU.ActiveCfg = Debug|Any CPU
		{964DCB71-1E60-4CE2-9486-E923DE4A57E9}.Debug|Any CPU.Build.0 = Debug|Any CPU
		{964DCB71-1E60-4CE2-9486-E923DE4A57E9}.Debug|x64.ActiveCfg = Debug|Any CPU
		{964DCB71-1E60-4CE2-9486-E923DE4A57E9}.Debug|x64.Build.0 = Debug|Any CPU
		{964DCB71-1E60-4CE2-9486-E923DE4A57E9}.Debug|x86.ActiveCfg = Debug|Any CPU
		{964DCB71-1E60-4CE2-9486-E923DE4A57E9}.Debug|x86.Build.0 = Debug|Any CPU
		{964DCB71-1E60-4CE2-9486-E923DE4A57E9}.Release|Any CPU.ActiveCfg = Release|Any CPU
		{964DCB71-1E60-4CE2-9486-E923DE4A57E9}.Release|Any CPU.Build.0 = Release|Any CPU
		{964DCB71-1E60-4CE2-9486-E923DE4A57E9}.Release|x64.ActiveCfg = Release|Any CPU
		{964DCB71-1E60-4CE2-9486-E923DE4A57E9}.Release|x64.Build.0 = Release|Any CPU
		{964DCB71-1E60-4CE2-9486-E923DE4A57E9}.Release|x86.ActiveCfg = Release|Any CPU
		{964DCB71-1E60-4CE2-9486-E923DE4A57E9}.Release|x86.Build.0 = Release|Any CPU
		{D2531259-20AF-43EA-A28B-C4E173D5696C}.Debug|Any CPU.ActiveCfg = Debug|Any CPU
		{D2531259-20AF-43EA-A28B-C4E173D5696C}.Debug|Any CPU.Build.0 = Debug|Any CPU
		{D2531259-20AF-43EA-A28B-C4E173D5696C}.Debug|x64.ActiveCfg = Debug|Any CPU
		{D2531259-20AF-43EA-A28B-C4E173D5696C}.Debug|x64.Build.0 = Debug|Any CPU
		{D2531259-20AF-43EA-A28B-C4E173D5696C}.Debug|x86.ActiveCfg = Debug|Any CPU
		{D2531259-20AF-43EA-A28B-C4E173D5696C}.Debug|x86.Build.0 = Debug|Any CPU
		{D2531259-20AF-43EA-A28B-C4E173D5696C}.Release|Any CPU.ActiveCfg = Release|Any CPU
		{D2531259-20AF-43EA-A28B-C4E173D5696C}.Release|Any CPU.Build.0 = Release|Any CPU
		{D2531259-20AF-43EA-A28B-C4E173D5696C}.Release|x64.ActiveCfg = Release|Any CPU
		{D2531259-20AF-43EA-A28B-C4E173D5696C}.Release|x64.Build.0 = Release|Any CPU
		{D2531259-20AF-43EA-A28B-C4E173D5696C}.Release|x86.ActiveCfg = Release|Any CPU
		{D2531259-20AF-43EA-A28B-C4E173D5696C}.Release|x86.Build.0 = Release|Any CPU
		{ED41B23E-FA5F-4779-BA18-FCE22DF8A0F3}.Debug|Any CPU.ActiveCfg = Debug|Any CPU
		{ED41B23E-FA5F-4779-BA18-FCE22DF8A0F3}.Debug|Any CPU.Build.0 = Debug|Any CPU
		{ED41B23E-FA5F-4779-BA18-FCE22DF8A0F3}.Debug|x64.ActiveCfg = Debug|Any CPU
		{ED41B23E-FA5F-4779-BA18-FCE22DF8A0F3}.Debug|x64.Build.0 = Debug|Any CPU
		{ED41B23E-FA5F-4779-BA18-FCE22DF8A0F3}.Debug|x86.ActiveCfg = Debug|Any CPU
		{ED41B23E-FA5F-4779-BA18-FCE22DF8A0F3}.Debug|x86.Build.0 = Debug|Any CPU
		{ED41B23E-FA5F-4779-BA18-FCE22DF8A0F3}.Release|Any CPU.ActiveCfg = Release|Any CPU
		{ED41B23E-FA5F-4779-BA18-FCE22DF8A0F3}.Release|Any CPU.Build.0 = Release|Any CPU
		{ED41B23E-FA5F-4779-BA18-FCE22DF8A0F3}.Release|x64.ActiveCfg = Release|Any CPU
		{ED41B23E-FA5F-4779-BA18-FCE22DF8A0F3}.Release|x64.Build.0 = Release|Any CPU
		{ED41B23E-FA5F-4779-BA18-FCE22DF8A0F3}.Release|x86.ActiveCfg = Release|Any CPU
		{ED41B23E-FA5F-4779-BA18-FCE22DF8A0F3}.Release|x86.Build.0 = Release|Any CPU
		{CD26C611-9447-49F3-BB3C-C7960AED20E5}.Debug|Any CPU.ActiveCfg = Debug|Any CPU
		{CD26C611-9447-49F3-BB3C-C7960AED20E5}.Debug|Any CPU.Build.0 = Debug|Any CPU
		{CD26C611-9447-49F3-BB3C-C7960AED20E5}.Debug|x64.ActiveCfg = Debug|Any CPU
		{CD26C611-9447-49F3-BB3C-C7960AED20E5}.Debug|x64.Build.0 = Debug|Any CPU
		{CD26C611-9447-49F3-BB3C-C7960AED20E5}.Debug|x86.ActiveCfg = Debug|Any CPU
		{CD26C611-9447-49F3-BB3C-C7960AED20E5}.Debug|x86.Build.0 = Debug|Any CPU
		{CD26C611-9447-49F3-BB3C-C7960AED20E5}.Release|Any CPU.ActiveCfg = Release|Any CPU
		{CD26C611-9447-49F3-BB3C-C7960AED20E5}.Release|Any CPU.Build.0 = Release|Any CPU
		{CD26C611-9447-49F3-BB3C-C7960AED20E5}.Release|x64.ActiveCfg = Release|Any CPU
		{CD26C611-9447-49F3-BB3C-C7960AED20E5}.Release|x64.Build.0 = Release|Any CPU
		{CD26C611-9447-49F3-BB3C-C7960AED20E5}.Release|x86.ActiveCfg = Release|Any CPU
		{CD26C611-9447-49F3-BB3C-C7960AED20E5}.Release|x86.Build.0 = Release|Any CPU
	EndGlobalSection
	GlobalSection(SolutionProperties) = preSolution
		HideSolutionNode = FALSE
	EndGlobalSection
	GlobalSection(NestedProjects) = preSolution
		{EC447DCF-ABFA-6E24-52A5-D7FD48A5C558} = {827E0CD3-B72D-47B6-A68D-7590B98EB39B}
		{B7504168-2F66-9EF4-E8D7-36B98062A6F8} = {EC447DCF-ABFA-6E24-52A5-D7FD48A5C558}
		{C46EFC3A-77C5-40AC-A83D-C9BDA184C8B8} = {B7504168-2F66-9EF4-E8D7-36B98062A6F8}
		{34E10305-FC73-4563-9C2D-996E2B087484} = {B7504168-2F66-9EF4-E8D7-36B98062A6F8}
		{632597F3-E638-46B7-8E74-F67845F9E312} = {B7504168-2F66-9EF4-E8D7-36B98062A6F8}
		{3893D293-4AAB-7480-2852-8A33E0B9E81C} = {EC447DCF-ABFA-6E24-52A5-D7FD48A5C558}
		{88FF4379-A8BF-44FC-8C4B-B1033F96A258} = {3893D293-4AAB-7480-2852-8A33E0B9E81C}
		{013EAFB4-E952-43F1-8FEE-FBCBD883D6E8} = {3893D293-4AAB-7480-2852-8A33E0B9E81C}
		{217C2C7C-8CC5-4BF2-B319-7B2E8E84C8D8} = {3893D293-4AAB-7480-2852-8A33E0B9E81C}
		{0EC62A1A-9858-3A60-8A0C-FC9AACFA2EC7} = {EC447DCF-ABFA-6E24-52A5-D7FD48A5C558}
		{F1DCEA6F-D49D-4195-9088-9FE00359C2EC} = {3893D293-4AAB-7480-2852-8A33E0B9E81C}
		{73B17242-06AA-6425-FB22-1100543BA2EF} = {EC447DCF-ABFA-6E24-52A5-D7FD48A5C558}
		{F7FA9790-413D-4881-91A5-B0582C130E84} = {73B17242-06AA-6425-FB22-1100543BA2EF}
		{E0F64591-9CCC-4CC4-9464-60809B18C4D2} = {EC447DCF-ABFA-6E24-52A5-D7FD48A5C558}
		{5D6B6C68-9141-7B2D-F4E4-7C27103C6E94} = {EC447DCF-ABFA-6E24-52A5-D7FD48A5C558}
		{CBFBA2FA-957E-4433-A7E7-634383ECE0EF} = {5D6B6C68-9141-7B2D-F4E4-7C27103C6E94}
		{491C194E-2541-103A-C665-F6BECE1FA621} = {EC447DCF-ABFA-6E24-52A5-D7FD48A5C558}
		{D458C82D-F0FE-4A79-826A-CB59B8258E27} = {491C194E-2541-103A-C665-F6BECE1FA621}
		{0535BC99-50F3-496F-8AA7-ADE6C31E2D7C} = {491C194E-2541-103A-C665-F6BECE1FA621}
		{9067DA99-6DA0-420D-823A-6FC67859ADB9} = {491C194E-2541-103A-C665-F6BECE1FA621}
		{61B66C30-7178-4B58-9803-C57898B4D970} = {491C194E-2541-103A-C665-F6BECE1FA621}
		{09CD98A7-A0B9-E9DC-E9BB-E027285CBB18} = {EC447DCF-ABFA-6E24-52A5-D7FD48A5C558}
		{C27A2DC6-21B3-4F26-AC00-DC08F8F63306} = {09CD98A7-A0B9-E9DC-E9BB-E027285CBB18}
		{FB22F8A0-F218-4401-96A9-FCA53CDC5F6A} = {09CD98A7-A0B9-E9DC-E9BB-E027285CBB18}
		{2FCD843D-E446-46B8-BC71-30D2016D0C8C} = {09CD98A7-A0B9-E9DC-E9BB-E027285CBB18}
		{A8072D57-2D90-46E1-9558-4701E129C532} = {09CD98A7-A0B9-E9DC-E9BB-E027285CBB18}
		{94CA1A96-709C-708D-86F4-C17510E77C63} = {EC447DCF-ABFA-6E24-52A5-D7FD48A5C558}
		{964DCB71-1E60-4CE2-9486-E923DE4A57E9} = {94CA1A96-709C-708D-86F4-C17510E77C63}
		{D2531259-20AF-43EA-A28B-C4E173D5696C} = {94CA1A96-709C-708D-86F4-C17510E77C63}
		{ED41B23E-FA5F-4779-BA18-FCE22DF8A0F3} = {94CA1A96-709C-708D-86F4-C17510E77C63}
		{CD26C611-9447-49F3-BB3C-C7960AED20E5} = {94CA1A96-709C-708D-86F4-C17510E77C63}
	EndGlobalSection
EndGlobal
